// !$*UTF8*$!
{
	archiveVersion = 1;
	classes = {
	};
	objectVersion = 46;
	objects = {

/* Begin PBXBuildFile section */
		CB3762A41A0821040037316C /* Foundation.framework in Frameworks */ = {isa = PBXBuildFile; fileRef = CB3762A31A0821040037316C /* Foundation.framework */; settings = {ATTRIBUTES = (Weak, ); }; };
		CB3762A61A0821040037316C /* CoreGraphics.framework in Frameworks */ = {isa = PBXBuildFile; fileRef = CB3762A51A0821040037316C /* CoreGraphics.framework */; };
		CB3762A81A0821040037316C /* UIKit.framework in Frameworks */ = {isa = PBXBuildFile; fileRef = CB3762A71A0821040037316C /* UIKit.framework */; settings = {ATTRIBUTES = (Weak, ); }; };
		CB3762AE1A0821040037316C /* InfoPlist.strings in Resources */ = {isa = PBXBuildFile; fileRef = CB3762AC1A0821040037316C /* InfoPlist.strings */; };
		CB3762B01A0821040037316C /* main.m in Sources */ = {isa = PBXBuildFile; fileRef = CB3762AF1A0821040037316C /* main.m */; };
		CB3762B41A0821040037316C /* AppDelegate.m in Sources */ = {isa = PBXBuildFile; fileRef = CB3762B31A0821040037316C /* AppDelegate.m */; };
		CB3762B71A0821040037316C /* Main.storyboard in Resources */ = {isa = PBXBuildFile; fileRef = CB3762B51A0821040037316C /* Main.storyboard */; };
		CB3762BA1A0821040037316C /* ViewController.m in Sources */ = {isa = PBXBuildFile; fileRef = CB3762B91A0821040037316C /* ViewController.m */; };
		CB3762BC1A0821040037316C /* Images.xcassets in Resources */ = {isa = PBXBuildFile; fileRef = CB3762BB1A0821040037316C /* Images.xcassets */; };
		CB3762C31A0821040037316C /* XCTest.framework in Frameworks */ = {isa = PBXBuildFile; fileRef = CB3762C21A0821040037316C /* XCTest.framework */; };
		CB3762C41A0821040037316C /* Foundation.framework in Frameworks */ = {isa = PBXBuildFile; fileRef = CB3762A31A0821040037316C /* Foundation.framework */; };
		CB3762C51A0821040037316C /* UIKit.framework in Frameworks */ = {isa = PBXBuildFile; fileRef = CB3762A71A0821040037316C /* UIKit.framework */; };
		CB3762CD1A0821040037316C /* InfoPlist.strings in Resources */ = {isa = PBXBuildFile; fileRef = CB3762CB1A0821040037316C /* InfoPlist.strings */; };
		CB3762CF1A0821040037316C /* WeakAppTests.m in Sources */ = {isa = PBXBuildFile; fileRef = CB3762CE1A0821040037316C /* WeakAppTests.m */; };
		CBCBAE571A08267E00D6C8B0 /* liblibWeakLink.a in Frameworks */ = {isa = PBXBuildFile; fileRef = CBCBAE561A08267E00D6C8B0 /* liblibWeakLink.a */; };
/* End PBXBuildFile section */

/* Begin PBXContainerItemProxy section */
		CB3762C61A0821040037316C /* PBXContainerItemProxy */ = {
			isa = PBXContainerItemProxy;
			containerPortal = CB3762981A0821040037316C /* Project object */;
			proxyType = 1;
			remoteGlobalIDString = CB37629F1A0821040037316C;
			remoteInfo = WeakApp;
		};
/* End PBXContainerItemProxy section */

/* Begin PBXFileReference section */
		CB3762A01A0821040037316C /* WeakApp.app */ = {isa = PBXFileReference; explicitFileType = wrapper.application; includeInIndex = 0; path = WeakApp.app; sourceTree = BUILT_PRODUCTS_DIR; };
		CB3762A31A0821040037316C /* Foundation.framework */ = {isa = PBXFileReference; lastKnownFileType = wrapper.framework; name = Foundation.framework; path = System/Library/Frameworks/Foundation.framework; sourceTree = SDKROOT; };
		CB3762A51A0821040037316C /* CoreGraphics.framework */ = {isa = PBXFileReference; lastKnownFileType = wrapper.framework; name = CoreGraphics.framework; path = System/Library/Frameworks/CoreGraphics.framework; sourceTree = SDKROOT; };
		CB3762A71A0821040037316C /* UIKit.framework */ = {isa = PBXFileReference; lastKnownFileType = wrapper.framework; name = UIKit.framework; path = System/Library/Frameworks/UIKit.framework; sourceTree = SDKROOT; };
		CB3762AB1A0821040037316C /* WeakApp-Info.plist */ = {isa = PBXFileReference; lastKnownFileType = text.plist.xml; path = "WeakApp-Info.plist"; sourceTree = "<group>"; };
		CB3762AD1A0821040037316C /* en */ = {isa = PBXFileReference; lastKnownFileType = text.plist.strings; name = en; path = en.lproj/InfoPlist.strings; sourceTree = "<group>"; };
		CB3762AF1A0821040037316C /* main.m */ = {isa = PBXFileReference; lastKnownFileType = sourcecode.c.objc; path = main.m; sourceTree = "<group>"; };
		CB3762B11A0821040037316C /* WeakApp-Prefix.pch */ = {isa = PBXFileReference; lastKnownFileType = sourcecode.c.h; path = "WeakApp-Prefix.pch"; sourceTree = "<group>"; };
		CB3762B21A0821040037316C /* AppDelegate.h */ = {isa = PBXFileReference; lastKnownFileType = sourcecode.c.h; path = AppDelegate.h; sourceTree = "<group>"; };
		CB3762B31A0821040037316C /* AppDelegate.m */ = {isa = PBXFileReference; lastKnownFileType = sourcecode.c.objc; path = AppDelegate.m; sourceTree = "<group>"; };
		CB3762B61A0821040037316C /* Base */ = {isa = PBXFileReference; lastKnownFileType = file.storyboard; name = Base; path = Base.lproj/Main.storyboard; sourceTree = "<group>"; };
		CB3762B81A0821040037316C /* ViewController.h */ = {isa = PBXFileReference; lastKnownFileType = sourcecode.c.h; path = ViewController.h; sourceTree = "<group>"; };
		CB3762B91A0821040037316C /* ViewController.m */ = {isa = PBXFileReference; lastKnownFileType = sourcecode.c.objc; path = ViewController.m; sourceTree = "<group>"; };
		CB3762BB1A0821040037316C /* Images.xcassets */ = {isa = PBXFileReference; lastKnownFileType = folder.assetcatalog; path = Images.xcassets; sourceTree = "<group>"; };
		CB3762C11A0821040037316C /* WeakAppTests.xctest */ = {isa = PBXFileReference; explicitFileType = wrapper.cfbundle; includeInIndex = 0; path = WeakAppTests.xctest; sourceTree = BUILT_PRODUCTS_DIR; };
		CB3762C21A0821040037316C /* XCTest.framework */ = {isa = PBXFileReference; lastKnownFileType = wrapper.framework; name = XCTest.framework; path = Library/Frameworks/XCTest.framework; sourceTree = DEVELOPER_DIR; };
		CB3762CA1A0821040037316C /* WeakAppTests-Info.plist */ = {isa = PBXFileReference; lastKnownFileType = text.plist.xml; path = "WeakAppTests-Info.plist"; sourceTree = "<group>"; };
		CB3762CC1A0821040037316C /* en */ = {isa = PBXFileReference; lastKnownFileType = text.plist.strings; name = en; path = en.lproj/InfoPlist.strings; sourceTree = "<group>"; };
		CB3762CE1A0821040037316C /* WeakAppTests.m */ = {isa = PBXFileReference; lastKnownFileType = sourcecode.c.objc; path = WeakAppTests.m; sourceTree = "<group>"; };
		CB3762E21A0821750037316C /* libWeakLink.h */ = {isa = PBXFileReference; fileEncoding = 4; lastKnownFileType = sourcecode.c.h; path = libWeakLink.h; sourceTree = "<group>"; };
		CBCBAE561A08267E00D6C8B0 /* liblibWeakLink.a */ = {isa = PBXFileReference; lastKnownFileType = archive.ar; path = liblibWeakLink.a; sourceTree = "<group>"; };
/* End PBXFileReference section */

/* Begin PBXFrameworksBuildPhase section */
		CB37629D1A0821040037316C /* Frameworks */ = {
			isa = PBXFrameworksBuildPhase;
			buildActionMask = 2147483647;
			files = (
				CB3762A61A0821040037316C /* CoreGraphics.framework in Frameworks */,
				CB3762A81A0821040037316C /* UIKit.framework in Frameworks */,
				CB3762A41A0821040037316C /* Foundation.framework in Frameworks */,
				CBCBAE571A08267E00D6C8B0 /* liblibWeakLink.a in Frameworks */,
			);
			runOnlyForDeploymentPostprocessing = 0;
		};
		CB3762BE1A0821040037316C /* Frameworks */ = {
			isa = PBXFrameworksBuildPhase;
			buildActionMask = 2147483647;
			files = (
				CB3762C31A0821040037316C /* XCTest.framework in Frameworks */,
				CB3762C51A0821040037316C /* UIKit.framework in Frameworks */,
				CB3762C41A0821040037316C /* Foundation.framework in Frameworks */,
			);
			runOnlyForDeploymentPostprocessing = 0;
		};
/* End PBXFrameworksBuildPhase section */

/* Begin PBXGroup section */
		CB3762971A0821040037316C = {
			isa = PBXGroup;
			children = (
				CB3762A91A0821040037316C /* WeakApp */,
				CB3762C81A0821040037316C /* WeakAppTests */,
				CB3762A21A0821040037316C /* Frameworks */,
				CB3762A11A0821040037316C /* Products */,
			);
			sourceTree = "<group>";
		};
		CB3762A11A0821040037316C /* Products */ = {
			isa = PBXGroup;
			children = (
				CB3762A01A0821040037316C /* WeakApp.app */,
				CB3762C11A0821040037316C /* WeakAppTests.xctest */,
			);
			name = Products;
			sourceTree = "<group>";
		};
		CB3762A21A0821040037316C /* Frameworks */ = {
			isa = PBXGroup;
			children = (
				CB3762A31A0821040037316C /* Foundation.framework */,
				CB3762A51A0821040037316C /* CoreGraphics.framework */,
				CB3762A71A0821040037316C /* UIKit.framework */,
				CB3762C21A0821040037316C /* XCTest.framework */,
			);
			name = Frameworks;
			sourceTree = "<group>";
		};
		CB3762A91A0821040037316C /* WeakApp */ = {
			isa = PBXGroup;
			children = (
				CBCBAE561A08267E00D6C8B0 /* liblibWeakLink.a */,
				CB3762E21A0821750037316C /* libWeakLink.h */,
				CB3762B21A0821040037316C /* AppDelegate.h */,
				CB3762B31A0821040037316C /* AppDelegate.m */,
				CB3762B51A0821040037316C /* Main.storyboard */,
				CB3762B81A0821040037316C /* ViewController.h */,
				CB3762B91A0821040037316C /* ViewController.m */,
				CB3762BB1A0821040037316C /* Images.xcassets */,
				CB3762AA1A0821040037316C /* Supporting Files */,
			);
			path = WeakApp;
			sourceTree = "<group>";
		};
		CB3762AA1A0821040037316C /* Supporting Files */ = {
			isa = PBXGroup;
			children = (
				CB3762AB1A0821040037316C /* WeakApp-Info.plist */,
				CB3762AC1A0821040037316C /* InfoPlist.strings */,
				CB3762AF1A0821040037316C /* main.m */,
				CB3762B11A0821040037316C /* WeakApp-Prefix.pch */,
			);
			name = "Supporting Files";
			sourceTree = "<group>";
		};
		CB3762C81A0821040037316C /* WeakAppTests */ = {
			isa = PBXGroup;
			children = (
				CB3762CE1A0821040037316C /* WeakAppTests.m */,
				CB3762C91A0821040037316C /* Supporting Files */,
			);
			path = WeakAppTests;
			sourceTree = "<group>";
		};
		CB3762C91A0821040037316C /* Supporting Files */ = {
			isa = PBXGroup;
			children = (
				CB3762CA1A0821040037316C /* WeakAppTests-Info.plist */,
				CB3762CB1A0821040037316C /* InfoPlist.strings */,
			);
			name = "Supporting Files";
			sourceTree = "<group>";
		};
/* End PBXGroup section */

/* Begin PBXNativeTarget section */
		CB37629F1A0821040037316C /* WeakApp */ = {
			isa = PBXNativeTarget;
			buildConfigurationList = CB3762D21A0821040037316C /* Build configuration list for PBXNativeTarget "WeakApp" */;
			buildPhases = (
				CB37629C1A0821040037316C /* Sources */,
				CB37629D1A0821040037316C /* Frameworks */,
				CB37629E1A0821040037316C /* Resources */,
			);
			buildRules = (
			);
			dependencies = (
			);
			name = WeakApp;
			productName = WeakApp;
			productReference = CB3762A01A0821040037316C /* WeakApp.app */;
			productType = "com.apple.product-type.application";
		};
		CB3762C01A0821040037316C /* WeakAppTests */ = {
			isa = PBXNativeTarget;
			buildConfigurationList = CB3762D51A0821040037316C /* Build configuration list for PBXNativeTarget "WeakAppTests" */;
			buildPhases = (
				CB3762BD1A0821040037316C /* Sources */,
				CB3762BE1A0821040037316C /* Frameworks */,
				CB3762BF1A0821040037316C /* Resources */,
			);
			buildRules = (
			);
			dependencies = (
				CB3762C71A0821040037316C /* PBXTargetDependency */,
			);
			name = WeakAppTests;
			productName = WeakAppTests;
			productReference = CB3762C11A0821040037316C /* WeakAppTests.xctest */;
			productType = "com.apple.product-type.bundle.unit-test";
		};
/* End PBXNativeTarget section */

/* Begin PBXProject section */
		CB3762981A0821040037316C /* Project object */ = {
			isa = PBXProject;
			attributes = {
				LastUpgradeCheck = 0510;
				ORGANIZATIONNAME = "Alexander von Below";
				TargetAttributes = {
					CB3762C01A0821040037316C = {
						TestTargetID = CB37629F1A0821040037316C;
					};
				};
			};
			buildConfigurationList = CB37629B1A0821040037316C /* Build configuration list for PBXProject "WeakApp" */;
			compatibilityVersion = "Xcode 3.2";
			developmentRegion = English;
			hasScannedForEncodings = 0;
			knownRegions = (
				en,
				Base,
			);
			mainGroup = CB3762971A0821040037316C;
			productRefGroup = CB3762A11A0821040037316C /* Products */;
			projectDirPath = "";
			projectRoot = "";
			targets = (
				CB37629F1A0821040037316C /* WeakApp */,
				CB3762C01A0821040037316C /* WeakAppTests */,
			);
		};
/* End PBXProject section */

/* Begin PBXResourcesBuildPhase section */
		CB37629E1A0821040037316C /* Resources */ = {
			isa = PBXResourcesBuildPhase;
			buildActionMask = 2147483647;
			files = (
				CB3762BC1A0821040037316C /* Images.xcassets in Resources */,
				CB3762AE1A0821040037316C /* InfoPlist.strings in Resources */,
				CB3762B71A0821040037316C /* Main.storyboard in Resources */,
			);
			runOnlyForDeploymentPostprocessing = 0;
		};
		CB3762BF1A0821040037316C /* Resources */ = {
			isa = PBXResourcesBuildPhase;
			buildActionMask = 2147483647;
			files = (
				CB3762CD1A0821040037316C /* InfoPlist.strings in Resources */,
			);
			runOnlyForDeploymentPostprocessing = 0;
		};
/* End PBXResourcesBuildPhase section */

/* Begin PBXSourcesBuildPhase section */
		CB37629C1A0821040037316C /* Sources */ = {
			isa = PBXSourcesBuildPhase;
			buildActionMask = 2147483647;
			files = (
				CB3762BA1A0821040037316C /* ViewController.m in Sources */,
				CB3762B41A0821040037316C /* AppDelegate.m in Sources */,
				CB3762B01A0821040037316C /* main.m in Sources */,
			);
			runOnlyForDeploymentPostprocessing = 0;
		};
		CB3762BD1A0821040037316C /* Sources */ = {
			isa = PBXSourcesBuildPhase;
			buildActionMask = 2147483647;
			files = (
				CB3762CF1A0821040037316C /* WeakAppTests.m in Sources */,
			);
			runOnlyForDeploymentPostprocessing = 0;
		};
/* End PBXSourcesBuildPhase section */

/* Begin PBXTargetDependency section */
		CB3762C71A0821040037316C /* PBXTargetDependency */ = {
			isa = PBXTargetDependency;
			target = CB37629F1A0821040037316C /* WeakApp */;
			targetProxy = CB3762C61A0821040037316C /* PBXContainerItemProxy */;
		};
/* End PBXTargetDependency section */

/* Begin PBXVariantGroup section */
		CB3762AC1A0821040037316C /* InfoPlist.strings */ = {
			isa = PBXVariantGroup;
			children = (
				CB3762AD1A0821040037316C /* en */,
			);
			name = InfoPlist.strings;
			sourceTree = "<group>";
		};
		CB3762B51A0821040037316C /* Main.storyboard */ = {
			isa = PBXVariantGroup;
			children = (
				CB3762B61A0821040037316C /* Base */,
			);
			name = Main.storyboard;
			sourceTree = "<group>";
		};
		CB3762CB1A0821040037316C /* InfoPlist.strings */ = {
			isa = PBXVariantGroup;
			children = (
				CB3762CC1A0821040037316C /* en */,
			);
			name = InfoPlist.strings;
			sourceTree = "<group>";
		};
/* End PBXVariantGroup section */

/* Begin XCBuildConfiguration section */
		CB3762D01A0821040037316C /* Debug */ = {
			isa = XCBuildConfiguration;
			buildSettings = {
				ALWAYS_SEARCH_USER_PATHS = NO;
				CLANG_CXX_LANGUAGE_STANDARD = "gnu++0x";
				CLANG_CXX_LIBRARY = "libc++";
				CLANG_ENABLE_MODULES = YES;
				CLANG_ENABLE_OBJC_ARC = YES;
				CLANG_WARN_BOOL_CONVERSION = YES;
				CLANG_WARN_CONSTANT_CONVERSION = YES;
				CLANG_WARN_DIRECT_OBJC_ISA_USAGE = YES_ERROR;
				CLANG_WARN_EMPTY_BODY = YES;
				CLANG_WARN_ENUM_CONVERSION = YES;
				CLANG_WARN_INT_CONVERSION = YES;
				CLANG_WARN_OBJC_ROOT_CLASS = YES_ERROR;
				CLANG_WARN__DUPLICATE_METHOD_MATCH = YES;
				"CODE_SIGN_IDENTITY[sdk=iphoneos*]" = "iPhone Developer";
				COPY_PHASE_STRIP = NO;
				GCC_C_LANGUAGE_STANDARD = gnu99;
				GCC_DYNAMIC_NO_PIC = NO;
				GCC_OPTIMIZATION_LEVEL = 0;
				GCC_PREPROCESSOR_DEFINITIONS = (
					"DEBUG=1",
					"$(inherited)",
				);
				GCC_SYMBOLS_PRIVATE_EXTERN = NO;
				GCC_WARN_64_TO_32_BIT_CONVERSION = YES;
				GCC_WARN_ABOUT_RETURN_TYPE = YES_ERROR;
				GCC_WARN_UNDECLARED_SELECTOR = YES;
				GCC_WARN_UNINITIALIZED_AUTOS = YES_AGGRESSIVE;
				GCC_WARN_UNUSED_FUNCTION = YES;
				GCC_WARN_UNUSED_VARIABLE = YES;
				IPHONEOS_DEPLOYMENT_TARGET = 7.1;
				ONLY_ACTIVE_ARCH = YES;
				SDKROOT = iphoneos;
			};
			name = Debug;
		};
		CB3762D11A0821040037316C /* Release */ = {
			isa = XCBuildConfiguration;
			buildSettings = {
				ALWAYS_SEARCH_USER_PATHS = NO;
				CLANG_CXX_LANGUAGE_STANDARD = "gnu++0x";
				CLANG_CXX_LIBRARY = "libc++";
				CLANG_ENABLE_MODULES = YES;
				CLANG_ENABLE_OBJC_ARC = YES;
				CLANG_WARN_BOOL_CONVERSION = YES;
				CLANG_WARN_CONSTANT_CONVERSION = YES;
				CLANG_WARN_DIRECT_OBJC_ISA_USAGE = YES_ERROR;
				CLANG_WARN_EMPTY_BODY = YES;
				CLANG_WARN_ENUM_CONVERSION = YES;
				CLANG_WARN_INT_CONVERSION = YES;
				CLANG_WARN_OBJC_ROOT_CLASS = YES_ERROR;
				CLANG_WARN__DUPLICATE_METHOD_MATCH = YES;
				"CODE_SIGN_IDENTITY[sdk=iphoneos*]" = "iPhone Developer";
				COPY_PHASE_STRIP = YES;
				ENABLE_NS_ASSERTIONS = NO;
				GCC_C_LANGUAGE_STANDARD = gnu99;
				GCC_WARN_64_TO_32_BIT_CONVERSION = YES;
				GCC_WARN_ABOUT_RETURN_TYPE = YES_ERROR;
				GCC_WARN_UNDECLARED_SELECTOR = YES;
				GCC_WARN_UNINITIALIZED_AUTOS = YES_AGGRESSIVE;
				GCC_WARN_UNUSED_FUNCTION = YES;
				GCC_WARN_UNUSED_VARIABLE = YES;
				IPHONEOS_DEPLOYMENT_TARGET = 7.1;
				SDKROOT = iphoneos;
				VALIDATE_PRODUCT = YES;
			};
			name = Release;
		};
		CB3762D31A0821040037316C /* Debug */ = {
			isa = XCBuildConfiguration;
			buildSettings = {
				ASSETCATALOG_COMPILER_APPICON_NAME = AppIcon;
				ASSETCATALOG_COMPILER_LAUNCHIMAGE_NAME = LaunchImage;
				GCC_PRECOMPILE_PREFIX_HEADER = YES;
				GCC_PREFIX_HEADER = "WeakApp/WeakApp-Prefix.pch";
				INFOPLIST_FILE = "WeakApp/WeakApp-Info.plist";
				LIBRARY_SEARCH_PATHS = (
					"$(inherited)",
					"$(PROJECT_DIR)/WeakApp",
				);
				PRODUCT_NAME = "$(TARGET_NAME)";
				WRAPPER_EXTENSION = app;
			};
			name = Debug;
		};
		CB3762D41A0821040037316C /* Release */ = {
			isa = XCBuildConfiguration;
			buildSettings = {
				ASSETCATALOG_COMPILER_APPICON_NAME = AppIcon;
				ASSETCATALOG_COMPILER_LAUNCHIMAGE_NAME = LaunchImage;
				GCC_PRECOMPILE_PREFIX_HEADER = YES;
				GCC_PREFIX_HEADER = "WeakApp/WeakApp-Prefix.pch";
				INFOPLIST_FILE = "WeakApp/WeakApp-Info.plist";
				LIBRARY_SEARCH_PATHS = (
					"$(inherited)",
					"$(PROJECT_DIR)/WeakApp",
				);
				PRODUCT_NAME = "$(TARGET_NAME)";
				WRAPPER_EXTENSION = app;
			};
			name = Release;
		};
		CB3762D61A0821040037316C /* Debug */ = {
			isa = XCBuildConfiguration;
			buildSettings = {
				BUNDLE_LOADER = "$(BUILT_PRODUCTS_DIR)/WeakApp.app/WeakApp";
				FRAMEWORK_SEARCH_PATHS = (
					"$(SDKROOT)/Developer/Library/Frameworks",
					"$(inherited)",
					"$(DEVELOPER_FRAMEWORKS_DIR)",
				);
				GCC_PRECOMPILE_PREFIX_HEADER = YES;
				GCC_PREFIX_HEADER = "WeakApp/WeakApp-Prefix.pch";
				GCC_PREPROCESSOR_DEFINITIONS = (
					"DEBUG=1",
					"$(inherited)",
				);
				INFOPLIST_FILE = "WeakAppTests/WeakAppTests-Info.plist";
				PRODUCT_NAME = "$(TARGET_NAME)";
				TEST_HOST = "$(BUNDLE_LOADER)";
				WRAPPER_EXTENSION = xctest;
			};
			name = Debug;
		};
		CB3762D71A0821040037316C /* Release */ = {
			isa = XCBuildConfiguration;
			buildSettings = {
				BUNDLE_LOADER = "$(BUILT_PRODUCTS_DIR)/WeakApp.app/WeakApp";
				FRAMEWORK_SEARCH_PATHS = (
					"$(SDKROOT)/Developer/Library/Frameworks",
					"$(inherited)",
					"$(DEVELOPER_FRAMEWORKS_DIR)",
				);
				GCC_PRECOMPILE_PREFIX_HEADER = YES;
				GCC_PREFIX_HEADER = "WeakApp/WeakApp-Prefix.pch";
				INFOPLIST_FILE = "WeakAppTests/WeakAppTests-Info.plist";
				PRODUCT_NAME = "$(TARGET_NAME)";
				TEST_HOST = "$(BUNDLE_LOADER)";
				WRAPPER_EXTENSION = xctest;
			};
			name = Release;
		};
/* End XCBuildConfiguration section */

/* Begin XCConfigurationList section */
		CB37629B1A0821040037316C /* Build configuration list for PBXProject "WeakApp" */ = {
			isa = XCConfigurationList;
			buildConfigurations = (
				CB3762D01A0821040037316C /* Debug */,
				CB3762D11A0821040037316C /* Release */,
			);
			defaultConfigurationIsVisible = 0;
			defaultConfigurationName = Release;
		};
		CB3762D21A0821040037316C /* Build configuration list for PBXNativeTarget "WeakApp" */ = {
			isa = XCConfigurationList;
			buildConfigurations = (
				CB3762D31A0821040037316C /* Debug */,
				CB3762D41A0821040037316C /* Release */,
			);
			defaultConfigurationIsVisible = 0;
			defaultConfigurationName = Release;
		};
		CB3762D51A0821040037316C /* Build configuration list for PBXNativeTarget "WeakAppTests" */ = {
			isa = XCConfigurationList;
			buildConfigurations = (
				CB3762D61A0821040037316C /* Debug */,
				CB3762D71A0821040037316C /* Release */,
			);
			defaultConfigurationIsVisible = 0;
			defaultConfigurationName = Release;
		};
/* End XCConfigurationList section */
	};
	rootObject = CB3762981A0821040037316C /* Project object */;
}
