// !$*UTF8*$!
{
	archiveVersion = 1;
	classes = {
	};
	objectVersion = 46;
	objects = {

/* Begin PBXBuildFile section */
		CBD33E771A081EA300EB2FD0 /* libWeakLink.h in CopyFiles */ = {isa = PBXBuildFile; fileRef = CBD33E761A081EA300EB2FD0 /* libWeakLink.h */; };
		CBD33E791A081EA300EB2FD0 /* libWeakLink.m in Sources */ = {isa = PBXBuildFile; fileRef = CBD33E781A081EA300EB2FD0 /* libWeakLink.m */; };
/* End PBXBuildFile section */

/* Begin PBXCopyFilesBuildPhase section */
		CBD33E711A081EA300EB2FD0 /* CopyFiles */ = {
			isa = PBXCopyFilesBuildPhase;
			buildActionMask = 2147483647;
			dstPath = "include/$(PRODUCT_NAME)";
			dstSubfolderSpec = 16;
			files = (
				CBD33E771A081EA300EB2FD0 /* libWeakLink.h in CopyFiles */,
			);
			runOnlyForDeploymentPostprocessing = 0;
		};
/* End PBXCopyFilesBuildPhase section */

/* Begin PBXFileReference section */
		CBD33E731A081EA300EB2FD0 /* liblibWeakLink.a */ = {isa = PBXFileReference; explicitFileType = archive.ar; includeInIndex = 0; path = liblibWeakLink.a; sourceTree = BUILT_PRODUCTS_DIR; };
		CBD33E761A081EA300EB2FD0 /* libWeakLink.h */ = {isa = PBXFileReference; lastKnownFileType = sourcecode.c.h; path = libWeakLink.h; sourceTree = "<group>"; };
		CBD33E781A081EA300EB2FD0 /* libWeakLink.m */ = {isa = PBXFileReference; lastKnownFileType = sourcecode.c.objc; path = libWeakLink.m; sourceTree = "<group>"; };
		CBD33E841A081EA300EB2FD0 /* Info.plist */ = {isa = PBXFileReference; lastKnownFileType = text.plist.xml; path = Info.plist; sourceTree = "<group>"; };
/* End PBXFileReference section */

/* Begin PBXFrameworksBuildPhase section */
		CBD33E701A081EA300EB2FD0 /* Frameworks */ = {
			isa = PBXFrameworksBuildPhase;
			buildActionMask = 2147483647;
			files = (
			);
			runOnlyForDeploymentPostprocessing = 0;
		};
/* End PBXFrameworksBuildPhase section */

/* Begin PBXGroup section */
		CBD33E6A1A081EA300EB2FD0 = {
			isa = PBXGroup;
			children = (
				CBD33E751A081EA300EB2FD0 /* libWeakLink */,
				CBD33E821A081EA300EB2FD0 /* libWeakLinkTests */,
				CBD33E741A081EA300EB2FD0 /* Products */,
			);
			sourceTree = "<group>";
		};
		CBD33E741A081EA300EB2FD0 /* Products */ = {
			isa = PBXGroup;
			children = (
				CBD33E731A081EA300EB2FD0 /* liblibWeakLink.a */,
			);
			name = Products;
			sourceTree = "<group>";
		};
		CBD33E751A081EA300EB2FD0 /* libWeakLink */ = {
			isa = PBXGroup;
			children = (
				CBD33E761A081EA300EB2FD0 /* libWeakLink.h */,
				CBD33E781A081EA300EB2FD0 /* libWeakLink.m */,
			);
			path = libWeakLink;
			sourceTree = "<group>";
		};
		CBD33E821A081EA300EB2FD0 /* libWeakLinkTests */ = {
			isa = PBXGroup;
			children = (
				CBD33E831A081EA300EB2FD0 /* Supporting Files */,
			);
			path = libWeakLinkTests;
			sourceTree = "<group>";
		};
		CBD33E831A081EA300EB2FD0 /* Supporting Files */ = {
			isa = PBXGroup;
			children = (
				CBD33E841A081EA300EB2FD0 /* Info.plist */,
			);
			name = "Supporting Files";
			sourceTree = "<group>";
		};
/* End PBXGroup section */

/* Begin PBXNativeTarget section */
		CBD33E721A081EA300EB2FD0 /* libWeakLink */ = {
			isa = PBXNativeTarget;
			buildConfigurationList = CBD33E871A081EA300EB2FD0 /* Build configuration list for PBXNativeTarget "libWeakLink" */;
			buildPhases = (
				CBD33E6F1A081EA300EB2FD0 /* Sources */,
				CBD33E701A081EA300EB2FD0 /* Frameworks */,
				CBD33E711A081EA300EB2FD0 /* CopyFiles */,
			);
			buildRules = (
			);
			dependencies = (
			);
			name = libWeakLink;
			productName = libWeakLink;
			productReference = CBD33E731A081EA300EB2FD0 /* liblibWeakLink.a */;
			productType = "com.apple.product-type.library.static";
		};
/* End PBXNativeTarget section */

/* Begin PBXProject section */
		CBD33E6B1A081EA300EB2FD0 /* Project object */ = {
			isa = PBXProject;
			attributes = {
				LastUpgradeCheck = 0610;
				ORGANIZATIONNAME = "Alexander von Below";
				TargetAttributes = {
					CBD33E721A081EA300EB2FD0 = {
						CreatedOnToolsVersion = 6.1;
					};
				};
			};
			buildConfigurationList = CBD33E6E1A081EA300EB2FD0 /* Build configuration list for PBXProject "libWeakLink" */;
			compatibilityVersion = "Xcode 3.2";
			developmentRegion = English;
			hasScannedForEncodings = 0;
			knownRegions = (
				en,
			);
			mainGroup = CBD33E6A1A081EA300EB2FD0;
			productRefGroup = CBD33E741A081EA300EB2FD0 /* Products */;
			projectDirPath = "";
			projectRoot = "";
			targets = (
				CBD33E721A081EA300EB2FD0 /* libWeakLink */,
			);
		};
/* End PBXProject section */

/* Begin PBXSourcesBuildPhase section */
		CBD33E6F1A081EA300EB2FD0 /* Sources */ = {
			isa = PBXSourcesBuildPhase;
			buildActionMask = 2147483647;
			files = (
				CBD33E791A081EA300EB2FD0 /* libWeakLink.m in Sources */,
			);
			runOnlyForDeploymentPostprocessing = 0;
		};
/* End PBXSourcesBuildPhase section */

/* Begin XCBuildConfiguration section */
		CBD33E851A081EA300EB2FD0 /* Debug */ = {
			isa = XCBuildConfiguration;
			buildSettings = {
				ALWAYS_SEARCH_USER_PATHS = NO;
				CLANG_CXX_LANGUAGE_STANDARD = "gnu++0x";
				CLANG_CXX_LIBRARY = "libc++";
				CLANG_ENABLE_MODULES = YES;
				CLANG_ENABLE_OBJC_ARC = YES;
				CLANG_WARN_BOOL_CONVERSION = YES;
				CLANG_WARN_CONSTANT_CONVERSION = YES;
				CLANG_WARN_DIRECT_OBJC_ISA_USAGE = YES_ERROR;
				CLANG_WARN_EMPTY_BODY = YES;
				CLANG_WARN_ENUM_CONVERSION = YES;
				CLANG_WARN_INT_CONVERSION = YES;
				CLANG_WARN_OBJC_ROOT_CLASS = YES_ERROR;
				CLANG_WARN_UNREACHABLE_CODE = YES;
				CLANG_WARN__DUPLICATE_METHOD_MATCH = YES;
				COPY_PHASE_STRIP = NO;
				ENABLE_STRICT_OBJC_MSGSEND = YES;
				GCC_C_LANGUAGE_STANDARD = gnu99;
				GCC_DYNAMIC_NO_PIC = NO;
				GCC_OPTIMIZATION_LEVEL = 0;
				GCC_PREPROCESSOR_DEFINITIONS = (
					"DEBUG=1",
					"$(inherited)",
				);
				GCC_SYMBOLS_PRIVATE_EXTERN = NO;
				GCC_WARN_64_TO_32_BIT_CONVERSION = YES;
				GCC_WARN_ABOUT_RETURN_TYPE = YES_ERROR;
				GCC_WARN_UNDECLARED_SELECTOR = YES;
				GCC_WARN_UNINITIALIZED_AUTOS = YES_AGGRESSIVE;
				GCC_WARN_UNUSED_FUNCTION = YES;
				GCC_WARN_UNUSED_VARIABLE = YES;
				IPHONEOS_DEPLOYMENT_TARGET = 8.1;
				MTL_ENABLE_DEBUG_INFO = YES;
				ONLY_ACTIVE_ARCH = YES;
				SDKROOT = iphoneos;
			};
			name = Debug;
		};
		CBD33E861A081EA300EB2FD0 /* Release */ = {
			isa = XCBuildConfiguration;
			buildSettings = {
				ALWAYS_SEARCH_USER_PATHS = NO;
				CLANG_CXX_LANGUAGE_STANDARD = "gnu++0x";
				CLANG_CXX_LIBRARY = "libc++";
				CLANG_ENABLE_MODULES = YES;
				CLANG_ENABLE_OBJC_ARC = YES;
				CLANG_WARN_BOOL_CONVERSION = YES;
				CLANG_WARN_CONSTANT_CONVERSION = YES;
				CLANG_WARN_DIRECT_OBJC_ISA_USAGE = YES_ERROR;
				CLANG_WARN_EMPTY_BODY = YES;
				CLANG_WARN_ENUM_CONVERSION = YES;
				CLANG_WARN_INT_CONVERSION = YES;
				CLANG_WARN_OBJC_ROOT_CLASS = YES_ERROR;
				CLANG_WARN_UNREACHABLE_CODE = YES;
				CLANG_WARN__DUPLICATE_METHOD_MATCH = YES;
				COPY_PHASE_STRIP = YES;
				ENABLE_NS_ASSERTIONS = NO;
				ENABLE_STRICT_OBJC_MSGSEND = YES;
				GCC_C_LANGUAGE_STANDARD = gnu99;
				GCC_WARN_64_TO_32_BIT_CONVERSION = YES;
				GCC_WARN_ABOUT_RETURN_TYPE = YES_ERROR;
				GCC_WARN_UNDECLARED_SELECTOR = YES;
				GCC_WARN_UNINITIALIZED_AUTOS = YES_AGGRESSIVE;
				GCC_WARN_UNUSED_FUNCTION = YES;
				GCC_WARN_UNUSED_VARIABLE = YES;
				IPHONEOS_DEPLOYMENT_TARGET = 8.1;
				MTL_ENABLE_DEBUG_INFO = NO;
				SDKROOT = iphoneos;
				VALIDATE_PRODUCT = YES;
			};
			name = Release;
		};
		CBD33E881A081EA300EB2FD0 /* Debug */ = {
			isa = XCBuildConfiguration;
			buildSettings = {
				OTHER_LDFLAGS = "-ObjC";
				PRODUCT_NAME = "$(TARGET_NAME)";
				SKIP_INSTALL = YES;
			};
			name = Debug;
		};
		CBD33E891A081EA300EB2FD0 /* Release */ = {
			isa = XCBuildConfiguration;
			buildSettings = {
				OTHER_LDFLAGS = "-ObjC";
				PRODUCT_NAME = "$(TARGET_NAME)";
				SKIP_INSTALL = YES;
			};
			name = Release;
		};
/* End XCBuildConfiguration section */

/* Begin XCConfigurationList section */
		CBD33E6E1A081EA300EB2FD0 /* Build configuration list for PBXProject "libWeakLink" */ = {
			isa = XCConfigurationList;
			buildConfigurations = (
				CBD33E851A081EA300EB2FD0 /* Debug */,
				CBD33E861A081EA300EB2FD0 /* Release */,
			);
			defaultConfigurationIsVisible = 0;
			defaultConfigurationName = Release;
		};
		CBD33E871A081EA300EB2FD0 /* Build configuration list for PBXNativeTarget "libWeakLink" */ = {
			isa = XCConfigurationList;
			buildConfigurations = (
				CBD33E881A081EA300EB2FD0 /* Debug */,
				CBD33E891A081EA300EB2FD0 /* Release */,
			);
			defaultConfigurationIsVisible = 0;
			defaultConfigurationName = Release;
		};
/* End XCConfigurationList section */
	};
	rootObject = CBD33E6B1A081EA300EB2FD0 /* Project object */;
}
